// !$*UTF8*$!
{
	archiveVersion = 1;
	classes = {
	};
	objectVersion = 60;
	objects = {

/* Begin PBXBuildFile section */
		AA000001273D537500F999A4 /* WebAuthnInterceptorSampleApp.swift in Sources */ = {isa = PBXBuildFile; fileRef = AA000011273D537500F999A4 /* WebAuthnInterceptorSampleApp.swift */; };
		AA000002273D537500F999A4 /* ContentView.swift in Sources */ = {isa = PBXBuildFile; fileRef = AA000012273D537500F999A4 /* ContentView.swift */; };
		AA000003273D537500F999A4 /* WebView.swift in Sources */ = {isa = PBXBuildFile; fileRef = AA000013273D537500F999A4 /* WebView.swift */; };
		AA000004273D537500F999A4 /* Bridge.swift in Sources */ = {isa = PBXBuildFile; fileRef = AA000014273D537500F999A4 /* Bridge.swift */; };
		AA000005273D537500F999A4 /* BridgeTypes.swift in Sources */ = {isa = PBXBuildFile; fileRef = AA000015273D537500F999A4 /* BridgeTypes.swift */; };
		AA000006273D537500F999A4 /* Interceptor.js in Resources */ = {isa = PBXBuildFile; fileRef = AA000016273D537500F999A4 /* Interceptor.js */; };
		AA000007273D537800F999A4 /* Assets.xcassets in Resources */ = {isa = PBXBuildFile; fileRef = AA000017273D537800F999A4 /* Assets.xcassets */; };
		AA000008273D537800F999A4 /* YubiKit in Frameworks */ = {isa = PBXBuildFile; productRef = AA000031273D537800F999A4 /* YubiKit */; };
		AA000009273D537500F999A4 /* PINEntryView.swift in Sources */ = {isa = PBXBuildFile; fileRef = AA00001A273D537500F999A4 /* PINEntryView.swift */; };
/* End PBXBuildFile section */

/* Begin PBXFileReference section */
		AA000010273D537500F999A4 /* WebAuthnInterceptorSample.app */ = {isa = PBXFileReference; explicitFileType = wrapper.application; includeInIndex = 0; path = WebAuthnInterceptorSample.app; sourceTree = BUILT_PRODUCTS_DIR; };
		AA000011273D537500F999A4 /* WebAuthnInterceptorSampleApp.swift */ = {isa = PBXFileReference; lastKnownFileType = sourcecode.swift; path = WebAuthnInterceptorSampleApp.swift; sourceTree = "<group>"; };
		AA000012273D537500F999A4 /* ContentView.swift */ = {isa = PBXFileReference; lastKnownFileType = sourcecode.swift; path = ContentView.swift; sourceTree = "<group>"; };
		AA000013273D537500F999A4 /* WebView.swift */ = {isa = PBXFileReference; lastKnownFileType = sourcecode.swift; path = WebView.swift; sourceTree = "<group>"; };
		AA000014273D537500F999A4 /* Bridge.swift */ = {isa = PBXFileReference; lastKnownFileType = sourcecode.swift; path = Bridge.swift; sourceTree = "<group>"; };
		AA000015273D537500F999A4 /* BridgeTypes.swift */ = {isa = PBXFileReference; lastKnownFileType = sourcecode.swift; path = BridgeTypes.swift; sourceTree = "<group>"; };
		AA000016273D537500F999A4 /* Interceptor.js */ = {isa = PBXFileReference; lastKnownFileType = sourcecode.javascript; path = Interceptor.js; sourceTree = "<group>"; };
		AA000017273D537800F999A4 /* Assets.xcassets */ = {isa = PBXFileReference; lastKnownFileType = folder.assetcatalog; path = Assets.xcassets; sourceTree = "<group>"; };
		AA000018273D537800F999A4 /* Info.plist */ = {isa = PBXFileReference; lastKnownFileType = text.plist; path = Info.plist; sourceTree = "<group>"; };
		AA000019273D537800F999A4 /* WebAuthnInterceptorSample.entitlements */ = {isa = PBXFileReference; lastKnownFileType = text.plist.entitlements; path = WebAuthnInterceptorSample.entitlements; sourceTree = "<group>"; };
		AA00001A273D537500F999A4 /* PINEntryView.swift */ = {isa = PBXFileReference; lastKnownFileType = sourcecode.swift; path = PINEntryView.swift; sourceTree = "<group>"; };
/* End PBXFileReference section */

/* Begin PBXFrameworksBuildPhase section */
		AA00000D273D537500F999A4 /* Frameworks */ = {
			isa = PBXFrameworksBuildPhase;
			buildActionMask = 2147483647;
			files = (
				AA000008273D537800F999A4 /* YubiKit in Frameworks */,
			);
			runOnlyForDeploymentPostprocessing = 0;
		};
/* End PBXFrameworksBuildPhase section */

/* Begin PBXGroup section */
		AA000020273D537500F999A4 = {
			isa = PBXGroup;
			children = (
				AA000021273D537500F999A4 /* WebAuthnInterceptorSample */,
				AA000022273D537500F999A4 /* Products */,
			);
			sourceTree = "<group>";
		};
		AA000021273D537500F999A4 /* WebAuthnInterceptorSample */ = {
			isa = PBXGroup;
			children = (
				AA000018273D537800F999A4 /* Info.plist */,
				AA000019273D537800F999A4 /* WebAuthnInterceptorSample.entitlements */,
				AA000011273D537500F999A4 /* WebAuthnInterceptorSampleApp.swift */,
				AA000012273D537500F999A4 /* ContentView.swift */,
				AA000013273D537500F999A4 /* WebView.swift */,
				AA00001A273D537500F999A4 /* PINEntryView.swift */,
				AA000014273D537500F999A4 /* Bridge.swift */,
				AA000015273D537500F999A4 /* BridgeTypes.swift */,
				AA000016273D537500F999A4 /* Interceptor.js */,
				AA000017273D537800F999A4 /* Assets.xcassets */,
			);
			path = WebAuthnInterceptorSample;
			sourceTree = "<group>";
		};
		AA000022273D537500F999A4 /* Products */ = {
			isa = PBXGroup;
			children = (
				AA000010273D537500F999A4 /* WebAuthnInterceptorSample.app */,
			);
			name = Products;
			sourceTree = "<group>";
		};
/* End PBXGroup section */

/* Begin PBXNativeTarget section */
		AA00000F273D537500F999A4 /* WebAuthnInterceptorSample */ = {
			isa = PBXNativeTarget;
			buildConfigurationList = AA00001B273D537900F999A4 /* Build configuration list for PBXNativeTarget "WebAuthnInterceptorSample" */;
			buildPhases = (
				AA00000C273D537500F999A4 /* Sources */,
				AA00000D273D537500F999A4 /* Frameworks */,
				AA00000E273D537500F999A4 /* Resources */,
			);
			buildRules = (
			);
			dependencies = (
			);
			name = WebAuthnInterceptorSample;
			packageProductDependencies = (
				AA000031273D537800F999A4 /* YubiKit */,
			);
			productName = WebAuthnInterceptorSample;
			productReference = AA000010273D537500F999A4 /* WebAuthnInterceptorSample.app */;
			productType = "com.apple.product-type.application";
		};
/* End PBXNativeTarget section */

/* Begin PBXProject section */
		AA000023273D537500F999A4 /* Project object */ = {
			isa = PBXProject;
			attributes = {
				BuildIndependentTargetsInParallel = 1;
				LastSwiftUpdateCheck = 1500;
				LastUpgradeCheck = 2620;
				TargetAttributes = {
					AA00000F273D537500F999A4 = {
						CreatedOnToolsVersion = 15.0;
					};
				};
			};
			buildConfigurationList = AA000024273D537500F999A4 /* Build configuration list for PBXProject "WebAuthnInterceptorSample" */;
			compatibilityVersion = "Xcode 14.0";
			developmentRegion = en;
			hasScannedForEncodings = 0;
			knownRegions = (
				en,
				Base,
			);
			mainGroup = AA000020273D537500F999A4;
			packageReferences = (
				AA000030273D537800F999A4 /* XCLocalSwiftPackageReference "../../" */,
			);
			productRefGroup = AA000022273D537500F999A4 /* Products */;
			projectDirPath = "";
			projectRoot = "";
			targets = (
				AA00000F273D537500F999A4 /* WebAuthnInterceptorSample */,
			);
		};
/* End PBXProject section */

/* Begin PBXResourcesBuildPhase section */
		AA00000E273D537500F999A4 /* Resources */ = {
			isa = PBXResourcesBuildPhase;
			buildActionMask = 2147483647;
			files = (
				AA000007273D537800F999A4 /* Assets.xcassets in Resources */,
				AA000006273D537500F999A4 /* Interceptor.js in Resources */,
			);
			runOnlyForDeploymentPostprocessing = 0;
		};
/* End PBXResourcesBuildPhase section */

/* Begin PBXSourcesBuildPhase section */
		AA00000C273D537500F999A4 /* Sources */ = {
			isa = PBXSourcesBuildPhase;
			buildActionMask = 2147483647;
			files = (
				AA000001273D537500F999A4 /* WebAuthnInterceptorSampleApp.swift in Sources */,
				AA000002273D537500F999A4 /* ContentView.swift in Sources */,
				AA000003273D537500F999A4 /* WebView.swift in Sources */,
				AA000009273D537500F999A4 /* PINEntryView.swift in Sources */,
				AA000004273D537500F999A4 /* Bridge.swift in Sources */,
				AA000005273D537500F999A4 /* BridgeTypes.swift in Sources */,
			);
			runOnlyForDeploymentPostprocessing = 0;
		};
/* End PBXSourcesBuildPhase section */

/* Begin XCBuildConfiguration section */
		AA000025273D537900F999A4 /* Debug */ = {
			isa = XCBuildConfiguration;
			buildSettings = {
				ALWAYS_SEARCH_USER_PATHS = NO;
				CLANG_ANALYZER_NONNULL = YES;
				CLANG_ANALYZER_NUMBER_OBJECT_CONVERSION = YES_AGGRESSIVE;
				CLANG_CXX_LANGUAGE_STANDARD = "gnu++17";
				CLANG_CXX_LIBRARY = "libc++";
				CLANG_ENABLE_MODULES = YES;
				CLANG_ENABLE_OBJC_ARC = YES;
				CLANG_ENABLE_OBJC_WEAK = YES;
				CLANG_WARN_BLOCK_CAPTURE_AUTORELEASING = YES;
				CLANG_WARN_BOOL_CONVERSION = YES;
				CLANG_WARN_COMMA = YES;
				CLANG_WARN_CONSTANT_CONVERSION = YES;
				CLANG_WARN_DEPRECATED_OBJC_IMPLEMENTATIONS = YES;
				CLANG_WARN_DIRECT_OBJC_ISA_USAGE = YES_ERROR;
				CLANG_WARN_DOCUMENTATION_COMMENTS = YES;
				CLANG_WARN_EMPTY_BODY = YES;
				CLANG_WARN_ENUM_CONVERSION = YES;
				CLANG_WARN_INFINITE_RECURSION = YES;
				CLANG_WARN_INT_CONVERSION = YES;
				CLANG_WARN_NON_LITERAL_NULL_CONVERSION = YES;
				CLANG_WARN_OBJC_IMPLICIT_RETAIN_SELF = YES;
				CLANG_WARN_OBJC_LITERAL_CONVERSION = YES;
				CLANG_WARN_OBJC_ROOT_CLASS = YES_ERROR;
				CLANG_WARN_QUOTED_INCLUDE_IN_FRAMEWORK_HEADER = YES;
				CLANG_WARN_RANGE_LOOP_ANALYSIS = YES;
				CLANG_WARN_STRICT_PROTOTYPES = YES;
				CLANG_WARN_SUSPICIOUS_MOVE = YES;
				CLANG_WARN_UNGUARDED_AVAILABILITY = YES_AGGRESSIVE;
				CLANG_WARN_UNREACHABLE_CODE = YES;
				CLANG_WARN__DUPLICATE_METHOD_MATCH = YES;
				COPY_PHASE_STRIP = NO;
				DEBUG_INFORMATION_FORMAT = dwarf;
				DEVELOPMENT_TEAM = LQA3CS5MM7;
				ENABLE_STRICT_OBJC_MSGSEND = YES;
				ENABLE_TESTABILITY = YES;
				ENABLE_USER_SCRIPT_SANDBOXING = YES;
				GCC_C_LANGUAGE_STANDARD = gnu11;
				GCC_DYNAMIC_NO_PIC = NO;
				GCC_NO_COMMON_BLOCKS = YES;
				GCC_OPTIMIZATION_LEVEL = 0;
				GCC_PREPROCESSOR_DEFINITIONS = (
					"DEBUG=1",
					"$(inherited)",
				);
				GCC_WARN_64_TO_32_BIT_CONVERSION = YES;
				GCC_WARN_ABOUT_RETURN_TYPE = YES_ERROR;
				GCC_WARN_UNDECLARED_SELECTOR = YES;
				GCC_WARN_UNINITIALIZED_AUTOS = YES_AGGRESSIVE;
				GCC_WARN_UNUSED_FUNCTION = YES;
				GCC_WARN_UNUSED_VARIABLE = YES;
				IPHONEOS_DEPLOYMENT_TARGET = 16.6;
				MTL_ENABLE_DEBUG_INFO = INCLUDE_SOURCE;
				MTL_FAST_MATH = YES;
				ONLY_ACTIVE_ARCH = YES;
				SDKROOT = iphoneos;
				STRING_CATALOG_GENERATE_SYMBOLS = YES;
				SWIFT_ACTIVE_COMPILATION_CONDITIONS = DEBUG;
				SWIFT_OPTIMIZATION_LEVEL = "-Onone";
			};
			name = Debug;
		};
		AA000026273D537900F999A4 /* Release */ = {
			isa = XCBuildConfiguration;
			buildSettings = {
				ALWAYS_SEARCH_USER_PATHS = NO;
				CLANG_ANALYZER_NONNULL = YES;
				CLANG_ANALYZER_NUMBER_OBJECT_CONVERSION = YES_AGGRESSIVE;
				CLANG_CXX_LANGUAGE_STANDARD = "gnu++17";
				CLANG_CXX_LIBRARY = "libc++";
				CLANG_ENABLE_MODULES = YES;
				CLANG_ENABLE_OBJC_ARC = YES;
				CLANG_ENABLE_OBJC_WEAK = YES;
				CLANG_WARN_BLOCK_CAPTURE_AUTORELEASING = YES;
				CLANG_WARN_BOOL_CONVERSION = YES;
				CLANG_WARN_COMMA = YES;
				CLANG_WARN_CONSTANT_CONVERSION = YES;
				CLANG_WARN_DEPRECATED_OBJC_IMPLEMENTATIONS = YES;
				CLANG_WARN_DIRECT_OBJC_ISA_USAGE = YES_ERROR;
				CLANG_WARN_DOCUMENTATION_COMMENTS = YES;
				CLANG_WARN_EMPTY_BODY = YES;
				CLANG_WARN_ENUM_CONVERSION = YES;
				CLANG_WARN_INFINITE_RECURSION = YES;
				CLANG_WARN_INT_CONVERSION = YES;
				CLANG_WARN_NON_LITERAL_NULL_CONVERSION = YES;
				CLANG_WARN_OBJC_IMPLICIT_RETAIN_SELF = YES;
				CLANG_WARN_OBJC_LITERAL_CONVERSION = YES;
				CLANG_WARN_OBJC_ROOT_CLASS = YES_ERROR;
				CLANG_WARN_QUOTED_INCLUDE_IN_FRAMEWORK_HEADER = YES;
				CLANG_WARN_RANGE_LOOP_ANALYSIS = YES;
				CLANG_WARN_STRICT_PROTOTYPES = YES;
				CLANG_WARN_SUSPICIOUS_MOVE = YES;
				CLANG_WARN_UNGUARDED_AVAILABILITY = YES_AGGRESSIVE;
				CLANG_WARN_UNREACHABLE_CODE = YES;
				CLANG_WARN__DUPLICATE_METHOD_MATCH = YES;
				COPY_PHASE_STRIP = NO;
				DEBUG_INFORMATION_FORMAT = "dwarf-with-dsym";
				DEVELOPMENT_TEAM = LQA3CS5MM7;
				ENABLE_NS_ASSERTIONS = NO;
				ENABLE_STRICT_OBJC_MSGSEND = YES;
				ENABLE_USER_SCRIPT_SANDBOXING = YES;
				GCC_C_LANGUAGE_STANDARD = gnu11;
				GCC_NO_COMMON_BLOCKS = YES;
				GCC_WARN_64_TO_32_BIT_CONVERSION = YES;
				GCC_WARN_ABOUT_RETURN_TYPE = YES_ERROR;
				GCC_WARN_UNDECLARED_SELECTOR = YES;
				GCC_WARN_UNINITIALIZED_AUTOS = YES_AGGRESSIVE;
				GCC_WARN_UNUSED_FUNCTION = YES;
				GCC_WARN_UNUSED_VARIABLE = YES;
				IPHONEOS_DEPLOYMENT_TARGET = 16.6;
				MTL_ENABLE_DEBUG_INFO = NO;
				MTL_FAST_MATH = YES;
				SDKROOT = iphoneos;
				STRING_CATALOG_GENERATE_SYMBOLS = YES;
				SWIFT_COMPILATION_MODE = wholemodule;
				SWIFT_OPTIMIZATION_LEVEL = "-O";
				VALIDATE_PRODUCT = YES;
			};
			name = Release;
		};
		AA000027273D537900F999A4 /* Debug */ = {
			isa = XCBuildConfiguration;
			buildSettings = {
				ASSETCATALOG_COMPILER_APPICON_NAME = AppIcon;
				ASSETCATALOG_COMPILER_GLOBAL_ACCENT_COLOR_NAME = AccentColor;
				CODE_SIGN_ENTITLEMENTS = WebAuthnInterceptorSample/WebAuthnInterceptorSample.entitlements;
				CODE_SIGN_STYLE = Automatic;
				CURRENT_PROJECT_VERSION = 1;
				ENABLE_APP_SANDBOX = YES;
				ENABLE_OUTGOING_NETWORK_CONNECTIONS = YES;
				ENABLE_PREVIEWS = YES;
				GENERATE_INFOPLIST_FILE = YES;
				INFOPLIST_FILE = WebAuthnInterceptorSample/Info.plist;
				INFOPLIST_KEY_NFCReaderUsageDescription = "This app uses NFC to communicate with your YubiKey for WebAuthn operations.";
				INFOPLIST_KEY_UIApplicationSceneManifest_Generation = YES;
				INFOPLIST_KEY_UIApplicationSupportsIndirectInputEvents = YES;
				INFOPLIST_KEY_UILaunchScreen_Generation = YES;
				INFOPLIST_KEY_UISupportedInterfaceOrientations = UIInterfaceOrientationPortrait;
				INFOPLIST_KEY_UISupportedInterfaceOrientations_iPad = "UIInterfaceOrientationPortrait UIInterfaceOrientationPortraitUpsideDown";
				IPHONEOS_DEPLOYMENT_TARGET = 16.6;
				LD_RUNPATH_SEARCH_PATHS = (
					"$(inherited)",
					"@executable_path/Frameworks",
				);
				MACOSX_DEPLOYMENT_TARGET = 13.0;
				MARKETING_VERSION = 1.0;
				PRODUCT_BUNDLE_IDENTIFIER = com.yubico.ios.WebAuthnInterceptorSample;
				PRODUCT_NAME = "$(TARGET_NAME)";
				SUPPORTED_PLATFORMS = "iphoneos iphonesimulator macosx";
				SUPPORTS_MACCATALYST = NO;
				SUPPORTS_MAC_DESIGNED_FOR_IPHONE_IPAD = NO;
				SWIFT_EMIT_LOC_STRINGS = YES;
				SWIFT_VERSION = 5.0;
				TARGETED_DEVICE_FAMILY = "1,2";
			};
			name = Debug;
		};
		AA000028273D537900F999A4 /* Release */ = {
			isa = XCBuildConfiguration;
			buildSettings = {
				ASSETCATALOG_COMPILER_APPICON_NAME = AppIcon;
				ASSETCATALOG_COMPILER_GLOBAL_ACCENT_COLOR_NAME = AccentColor;
				CODE_SIGN_ENTITLEMENTS = WebAuthnInterceptorSample/WebAuthnInterceptorSample.entitlements;
				CODE_SIGN_STYLE = Automatic;
				CURRENT_PROJECT_VERSION = 1;
				ENABLE_APP_SANDBOX = YES;
				ENABLE_OUTGOING_NETWORK_CONNECTIONS = YES;
				ENABLE_PREVIEWS = YES;
				GENERATE_INFOPLIST_FILE = YES;
				INFOPLIST_FILE = WebAuthnInterceptorSample/Info.plist;
				INFOPLIST_KEY_NFCReaderUsageDescription = "This app uses NFC to communicate with your YubiKey for WebAuthn operations.";
				INFOPLIST_KEY_UIApplicationSceneManifest_Generation = YES;
				INFOPLIST_KEY_UIApplicationSupportsIndirectInputEvents = YES;
				INFOPLIST_KEY_UILaunchScreen_Generation = YES;
				INFOPLIST_KEY_UISupportedInterfaceOrientations = UIInterfaceOrientationPortrait;
				INFOPLIST_KEY_UISupportedInterfaceOrientations_iPad = "UIInterfaceOrientationPortrait UIInterfaceOrientationPortraitUpsideDown";
				IPHONEOS_DEPLOYMENT_TARGET = 16.6;
				LD_RUNPATH_SEARCH_PATHS = (
					"$(inherited)",
					"@executable_path/Frameworks",
				);
				MACOSX_DEPLOYMENT_TARGET = 13.0;
				MARKETING_VERSION = 1.0;
				PRODUCT_BUNDLE_IDENTIFIER = com.yubico.ios.WebAuthnInterceptorSample;
				PRODUCT_NAME = "$(TARGET_NAME)";
				SUPPORTED_PLATFORMS = "iphoneos iphonesimulator macosx";
				SUPPORTS_MACCATALYST = NO;
				SUPPORTS_MAC_DESIGNED_FOR_IPHONE_IPAD = NO;
				SWIFT_EMIT_LOC_STRINGS = YES;
				SWIFT_VERSION = 5.0;
				TARGETED_DEVICE_FAMILY = "1,2";
			};
			name = Release;
		};
/* End XCBuildConfiguration section */

/* Begin XCConfigurationList section */
		AA00001B273D537900F999A4 /* Build configuration list for PBXNativeTarget "WebAuthnInterceptorSample" */ = {
			isa = XCConfigurationList;
			buildConfigurations = (
				AA000027273D537900F999A4 /* Debug */,
				AA000028273D537900F999A4 /* Release */,
			);
			defaultConfigurationIsVisible = 0;
			defaultConfigurationName = Release;
		};
		AA000024273D537500F999A4 /* Build configuration list for PBXProject "WebAuthnInterceptorSample" */ = {
			isa = XCConfigurationList;
			buildConfigurations = (
				AA000025273D537900F999A4 /* Debug */,
				AA000026273D537900F999A4 /* Release */,
			);
			defaultConfigurationIsVisible = 0;
			defaultConfigurationName = Release;
		};
/* End XCConfigurationList section */

/* Begin XCLocalSwiftPackageReference section */
		AA000030273D537800F999A4 /* XCLocalSwiftPackageReference "../../" */ = {
			isa = XCLocalSwiftPackageReference;
			relativePath = ../../;
		};
/* End XCLocalSwiftPackageReference section */

/* Begin XCSwiftPackageProductDependency section */
		AA000031273D537800F999A4 /* YubiKit */ = {
			isa = XCSwiftPackageProductDependency;
			package = AA000030273D537800F999A4 /* XCLocalSwiftPackageReference "../../" */;
			productName = YubiKit;
		};
/* End XCSwiftPackageProductDependency section */
	};
	rootObject = AA000023273D537500F999A4 /* Project object */;
}
