// !$*UTF8*$!
{
	archiveVersion = 1;
	classes = {
	};
	objectVersion = 60;
	objects = {

/* Begin PBXBuildFile section */
		BB000001273D537500F999A4 /* FIDO2SampleApp.swift in Sources */ = {isa = PBXBuildFile; fileRef = BB000011273D537500F999A4 /* FIDO2SampleApp.swift */; };
		BB000002273D537500F999A4 /* ContentView.swift in Sources */ = {isa = PBXBuildFile; fileRef = BB000012273D537500F999A4 /* ContentView.swift */; };
		BB000003273D537500F999A4 /* FIDO2Coordinator.swift in Sources */ = {isa = PBXBuildFile; fileRef = BB000013273D537500F999A4 /* FIDO2Coordinator.swift */; };
		BB000004273D537500F999A4 /* PINEntryView.swift in Sources */ = {isa = PBXBuildFile; fileRef = BB000014273D537500F999A4 /* PINEntryView.swift */; };
		BB000006273D537500F999A4 /* ConnectionManager.swift in Sources */ = {isa = PBXBuildFile; fileRef = BB000015273D537500F999A4 /* ConnectionManager.swift */; };
		BB000007273D537800F999A4 /* Assets.xcassets in Resources */ = {isa = PBXBuildFile; fileRef = BB000017273D537800F999A4 /* Assets.xcassets */; };
		BB000008273D537800F999A4 /* YubiKit in Frameworks */ = {isa = PBXBuildFile; productRef = BB000031273D537800F999A4 /* YubiKit */; };
/* End PBXBuildFile section */

/* Begin PBXFileReference section */
		BB000010273D537500F999A4 /* FIDO2Sample.app */ = {isa = PBXFileReference; explicitFileType = wrapper.application; includeInIndex = 0; path = FIDO2Sample.app; sourceTree = BUILT_PRODUCTS_DIR; };
		BB000011273D537500F999A4 /* FIDO2SampleApp.swift */ = {isa = PBXFileReference; lastKnownFileType = sourcecode.swift; path = FIDO2SampleApp.swift; sourceTree = "<group>"; };
		BB000012273D537500F999A4 /* ContentView.swift */ = {isa = PBXFileReference; lastKnownFileType = sourcecode.swift; path = ContentView.swift; sourceTree = "<group>"; };
		BB000013273D537500F999A4 /* FIDO2Coordinator.swift */ = {isa = PBXFileReference; lastKnownFileType = sourcecode.swift; path = FIDO2Coordinator.swift; sourceTree = "<group>"; };
		BB000014273D537500F999A4 /* PINEntryView.swift */ = {isa = PBXFileReference; lastKnownFileType = sourcecode.swift; path = PINEntryView.swift; sourceTree = "<group>"; };
		BB000015273D537500F999A4 /* ConnectionManager.swift */ = {isa = PBXFileReference; lastKnownFileType = sourcecode.swift; path = ConnectionManager.swift; sourceTree = "<group>"; };
		BB000017273D537800F999A4 /* Assets.xcassets */ = {isa = PBXFileReference; lastKnownFileType = folder.assetcatalog; path = Assets.xcassets; sourceTree = "<group>"; };
		BB000018273D537800F999A4 /* Info.plist */ = {isa = PBXFileReference; lastKnownFileType = text.plist; path = Info.plist; sourceTree = "<group>"; };
		BB000019273D537800F999A4 /* FIDO2Sample.entitlements */ = {isa = PBXFileReference; lastKnownFileType = text.plist.entitlements; path = FIDO2Sample.entitlements; sourceTree = "<group>"; };
/* End PBXFileReference section */

/* Begin PBXFrameworksBuildPhase section */
		BB00000D273D537500F999A4 /* Frameworks */ = {
			isa = PBXFrameworksBuildPhase;
			buildActionMask = 2147483647;
			files = (
				BB000008273D537800F999A4 /* YubiKit in Frameworks */,
			);
			runOnlyForDeploymentPostprocessing = 0;
		};
/* End PBXFrameworksBuildPhase section */

/* Begin PBXGroup section */
		BB000020273D537500F999A4 = {
			isa = PBXGroup;
			children = (
				BB000021273D537500F999A4 /* FIDO2Sample */,
				BB000022273D537500F999A4 /* Products */,
			);
			sourceTree = "<group>";
		};
		BB000021273D537500F999A4 /* FIDO2Sample */ = {
			isa = PBXGroup;
			children = (
				BB000018273D537800F999A4 /* Info.plist */,
				BB000019273D537800F999A4 /* FIDO2Sample.entitlements */,
				BB000011273D537500F999A4 /* FIDO2SampleApp.swift */,
				BB000012273D537500F999A4 /* ContentView.swift */,
				BB000013273D537500F999A4 /* FIDO2Coordinator.swift */,
				BB000014273D537500F999A4 /* PINEntryView.swift */,
				BB000015273D537500F999A4 /* ConnectionManager.swift */,
				BB000017273D537800F999A4 /* Assets.xcassets */,
			);
			path = FIDO2Sample;
			sourceTree = "<group>";
		};
		BB000022273D537500F999A4 /* Products */ = {
			isa = PBXGroup;
			children = (
				BB000010273D537500F999A4 /* FIDO2Sample.app */,
			);
			name = Products;
			sourceTree = "<group>";
		};
/* End PBXGroup section */

/* Begin PBXNativeTarget section */
		BB00000F273D537500F999A4 /* FIDO2Sample */ = {
			isa = PBXNativeTarget;
			buildConfigurationList = BB00001B273D537900F999A4 /* Build configuration list for PBXNativeTarget "FIDO2Sample" */;
			buildPhases = (
				BB00000C273D537500F999A4 /* Sources */,
				BB00000D273D537500F999A4 /* Frameworks */,
				BB00000E273D537500F999A4 /* Resources */,
			);
			buildRules = (
			);
			dependencies = (
			);
			name = FIDO2Sample;
			packageProductDependencies = (
				BB000031273D537800F999A4 /* YubiKit */,
			);
			productName = FIDO2Sample;
			productReference = BB000010273D537500F999A4 /* FIDO2Sample.app */;
			productType = "com.apple.product-type.application";
		};
/* End PBXNativeTarget section */

/* Begin PBXProject section */
		BB000023273D537500F999A4 /* Project object */ = {
			isa = PBXProject;
			attributes = {
				BuildIndependentTargetsInParallel = 1;
				LastSwiftUpdateCheck = 1500;
				LastUpgradeCheck = 2620;
				TargetAttributes = {
					BB00000F273D537500F999A4 = {
						CreatedOnToolsVersion = 15.0;
					};
				};
			};
			buildConfigurationList = BB000024273D537500F999A4 /* Build configuration list for PBXProject "FIDO2Sample" */;
			compatibilityVersion = "Xcode 14.0";
			developmentRegion = en;
			hasScannedForEncodings = 0;
			knownRegions = (
				en,
				Base,
			);
			mainGroup = BB000020273D537500F999A4;
			packageReferences = (
				BB000030273D537800F999A4 /* XCRemoteSwiftPackageReference "yubikit-swift" */,
			);
			productRefGroup = BB000022273D537500F999A4 /* Products */;
			projectDirPath = "";
			projectRoot = "";
			targets = (
				BB00000F273D537500F999A4 /* FIDO2Sample */,
			);
		};
/* End PBXProject section */

/* Begin PBXResourcesBuildPhase section */
		BB00000E273D537500F999A4 /* Resources */ = {
			isa = PBXResourcesBuildPhase;
			buildActionMask = 2147483647;
			files = (
				BB000007273D537800F999A4 /* Assets.xcassets in Resources */,
			);
			runOnlyForDeploymentPostprocessing = 0;
		};
/* End PBXResourcesBuildPhase section */

/* Begin PBXSourcesBuildPhase section */
		BB00000C273D537500F999A4 /* Sources */ = {
			isa = PBXSourcesBuildPhase;
			buildActionMask = 2147483647;
			files = (
				BB000001273D537500F999A4 /* FIDO2SampleApp.swift in Sources */,
				BB000002273D537500F999A4 /* ContentView.swift in Sources */,
				BB000003273D537500F999A4 /* FIDO2Coordinator.swift in Sources */,
				BB000004273D537500F999A4 /* PINEntryView.swift in Sources */,
				BB000006273D537500F999A4 /* ConnectionManager.swift in Sources */,
			);
			runOnlyForDeploymentPostprocessing = 0;
		};
/* End PBXSourcesBuildPhase section */

/* Begin XCBuildConfiguration section */
		BB000025273D537900F999A4 /* Debug */ = {
			isa = XCBuildConfiguration;
			buildSettings = {
				ALWAYS_SEARCH_USER_PATHS = NO;
				CLANG_ANALYZER_NONNULL = YES;
				CLANG_ANALYZER_NUMBER_OBJECT_CONVERSION = YES_AGGRESSIVE;
				CLANG_CXX_LANGUAGE_STANDARD = "gnu++17";
				CLANG_CXX_LIBRARY = "libc++";
				CLANG_ENABLE_MODULES = YES;
				CLANG_ENABLE_OBJC_ARC = YES;
				CLANG_ENABLE_OBJC_WEAK = YES;
				CLANG_WARN_BLOCK_CAPTURE_AUTORELEASING = YES;
				CLANG_WARN_BOOL_CONVERSION = YES;
				CLANG_WARN_COMMA = YES;
				CLANG_WARN_CONSTANT_CONVERSION = YES;
				CLANG_WARN_DEPRECATED_OBJC_IMPLEMENTATIONS = YES;
				CLANG_WARN_DIRECT_OBJC_ISA_USAGE = YES_ERROR;
				CLANG_WARN_DOCUMENTATION_COMMENTS = YES;
				CLANG_WARN_EMPTY_BODY = YES;
				CLANG_WARN_ENUM_CONVERSION = YES;
				CLANG_WARN_INFINITE_RECURSION = YES;
				CLANG_WARN_INT_CONVERSION = YES;
				CLANG_WARN_NON_LITERAL_NULL_CONVERSION = YES;
				CLANG_WARN_OBJC_IMPLICIT_RETAIN_SELF = YES;
				CLANG_WARN_OBJC_LITERAL_CONVERSION = YES;
				CLANG_WARN_OBJC_ROOT_CLASS = YES_ERROR;
				CLANG_WARN_QUOTED_INCLUDE_IN_FRAMEWORK_HEADER = YES;
				CLANG_WARN_RANGE_LOOP_ANALYSIS = YES;
				CLANG_WARN_STRICT_PROTOTYPES = YES;
				CLANG_WARN_SUSPICIOUS_MOVE = YES;
				CLANG_WARN_UNGUARDED_AVAILABILITY = YES_AGGRESSIVE;
				CLANG_WARN_UNREACHABLE_CODE = YES;
				CLANG_WARN__DUPLICATE_METHOD_MATCH = YES;
				COPY_PHASE_STRIP = NO;
				DEBUG_INFORMATION_FORMAT = dwarf;
				DEVELOPMENT_TEAM = LQA3CS5MM7;
				ENABLE_STRICT_OBJC_MSGSEND = YES;
				ENABLE_TESTABILITY = YES;
				ENABLE_USER_SCRIPT_SANDBOXING = YES;
				GCC_C_LANGUAGE_STANDARD = gnu11;
				GCC_DYNAMIC_NO_PIC = NO;
				GCC_NO_COMMON_BLOCKS = YES;
				GCC_OPTIMIZATION_LEVEL = 0;
				GCC_PREPROCESSOR_DEFINITIONS = (
					"DEBUG=1",
					"$(inherited)",
				);
				GCC_WARN_64_TO_32_BIT_CONVERSION = YES;
				GCC_WARN_ABOUT_RETURN_TYPE = YES_ERROR;
				GCC_WARN_UNDECLARED_SELECTOR = YES;
				GCC_WARN_UNINITIALIZED_AUTOS = YES_AGGRESSIVE;
				GCC_WARN_UNUSED_FUNCTION = YES;
				GCC_WARN_UNUSED_VARIABLE = YES;
				IPHONEOS_DEPLOYMENT_TARGET = 16.6;
				MTL_ENABLE_DEBUG_INFO = INCLUDE_SOURCE;
				MTL_FAST_MATH = YES;
				ONLY_ACTIVE_ARCH = YES;
				SDKROOT = iphoneos;
				STRING_CATALOG_GENERATE_SYMBOLS = YES;
				SWIFT_ACTIVE_COMPILATION_CONDITIONS = DEBUG;
				SWIFT_OPTIMIZATION_LEVEL = "-Onone";
			};
			name = Debug;
		};
		BB000026273D537900F999A4 /* Release */ = {
			isa = XCBuildConfiguration;
			buildSettings = {
				ALWAYS_SEARCH_USER_PATHS = NO;
				CLANG_ANALYZER_NONNULL = YES;
				CLANG_ANALYZER_NUMBER_OBJECT_CONVERSION = YES_AGGRESSIVE;
				CLANG_CXX_LANGUAGE_STANDARD = "gnu++17";
				CLANG_CXX_LIBRARY = "libc++";
				CLANG_ENABLE_MODULES = YES;
				CLANG_ENABLE_OBJC_ARC = YES;
				CLANG_ENABLE_OBJC_WEAK = YES;
				CLANG_WARN_BLOCK_CAPTURE_AUTORELEASING = YES;
				CLANG_WARN_BOOL_CONVERSION = YES;
				CLANG_WARN_COMMA = YES;
				CLANG_WARN_CONSTANT_CONVERSION = YES;
				CLANG_WARN_DEPRECATED_OBJC_IMPLEMENTATIONS = YES;
				CLANG_WARN_DIRECT_OBJC_ISA_USAGE = YES_ERROR;
				CLANG_WARN_DOCUMENTATION_COMMENTS = YES;
				CLANG_WARN_EMPTY_BODY = YES;
				CLANG_WARN_ENUM_CONVERSION = YES;
				CLANG_WARN_INFINITE_RECURSION = YES;
				CLANG_WARN_INT_CONVERSION = YES;
				CLANG_WARN_NON_LITERAL_NULL_CONVERSION = YES;
				CLANG_WARN_OBJC_IMPLICIT_RETAIN_SELF = YES;
				CLANG_WARN_OBJC_LITERAL_CONVERSION = YES;
				CLANG_WARN_OBJC_ROOT_CLASS = YES_ERROR;
				CLANG_WARN_QUOTED_INCLUDE_IN_FRAMEWORK_HEADER = YES;
				CLANG_WARN_RANGE_LOOP_ANALYSIS = YES;
				CLANG_WARN_STRICT_PROTOTYPES = YES;
				CLANG_WARN_SUSPICIOUS_MOVE = YES;
				CLANG_WARN_UNGUARDED_AVAILABILITY = YES_AGGRESSIVE;
				CLANG_WARN_UNREACHABLE_CODE = YES;
				CLANG_WARN__DUPLICATE_METHOD_MATCH = YES;
				COPY_PHASE_STRIP = NO;
				DEBUG_INFORMATION_FORMAT = "dwarf-with-dsym";
				DEVELOPMENT_TEAM = LQA3CS5MM7;
				ENABLE_NS_ASSERTIONS = NO;
				ENABLE_STRICT_OBJC_MSGSEND = YES;
				ENABLE_USER_SCRIPT_SANDBOXING = YES;
				GCC_C_LANGUAGE_STANDARD = gnu11;
				GCC_NO_COMMON_BLOCKS = YES;
				GCC_WARN_64_TO_32_BIT_CONVERSION = YES;
				GCC_WARN_ABOUT_RETURN_TYPE = YES_ERROR;
				GCC_WARN_UNDECLARED_SELECTOR = YES;
				GCC_WARN_UNINITIALIZED_AUTOS = YES_AGGRESSIVE;
				GCC_WARN_UNUSED_FUNCTION = YES;
				GCC_WARN_UNUSED_VARIABLE = YES;
				IPHONEOS_DEPLOYMENT_TARGET = 16.6;
				MTL_ENABLE_DEBUG_INFO = NO;
				MTL_FAST_MATH = YES;
				SDKROOT = iphoneos;
				STRING_CATALOG_GENERATE_SYMBOLS = YES;
				SWIFT_COMPILATION_MODE = wholemodule;
				SWIFT_OPTIMIZATION_LEVEL = "-O";
				VALIDATE_PRODUCT = YES;
			};
			name = Release;
		};
		BB000027273D537900F999A4 /* Debug */ = {
			isa = XCBuildConfiguration;
			buildSettings = {
				ASSETCATALOG_COMPILER_APPICON_NAME = AppIcon;
				ASSETCATALOG_COMPILER_GLOBAL_ACCENT_COLOR_NAME = AccentColor;
				CODE_SIGN_ENTITLEMENTS = FIDO2Sample/FIDO2Sample.entitlements;
				CODE_SIGN_STYLE = Automatic;
				CURRENT_PROJECT_VERSION = 1;
				ENABLE_APP_SANDBOX = YES;
				ENABLE_PREVIEWS = YES;
				GENERATE_INFOPLIST_FILE = YES;
				INFOPLIST_FILE = FIDO2Sample/Info.plist;
				INFOPLIST_KEY_NFCReaderUsageDescription = "This app uses NFC to communicate with your YubiKey for FIDO2 authentication operations.";
				INFOPLIST_KEY_UIApplicationSceneManifest_Generation = YES;
				INFOPLIST_KEY_UIApplicationSupportsIndirectInputEvents = YES;
				INFOPLIST_KEY_UILaunchScreen_Generation = YES;
				INFOPLIST_KEY_UISupportedInterfaceOrientations = UIInterfaceOrientationPortrait;
				INFOPLIST_KEY_UISupportedInterfaceOrientations_iPad = "UIInterfaceOrientationPortrait UIInterfaceOrientationPortraitUpsideDown";
				IPHONEOS_DEPLOYMENT_TARGET = 16.6;
				LD_RUNPATH_SEARCH_PATHS = (
					"$(inherited)",
					"@executable_path/Frameworks",
				);
				MACOSX_DEPLOYMENT_TARGET = 13.0;
				MARKETING_VERSION = 1.0;
				PRODUCT_BUNDLE_IDENTIFIER = com.yubico.ios.FIDO2Sample;
				PRODUCT_NAME = "$(TARGET_NAME)";
				SUPPORTED_PLATFORMS = "iphoneos iphonesimulator macosx";
				SUPPORTS_MACCATALYST = NO;
				SUPPORTS_MAC_DESIGNED_FOR_IPHONE_IPAD = NO;
				SWIFT_EMIT_LOC_STRINGS = YES;
				SWIFT_VERSION = 5.0;
				TARGETED_DEVICE_FAMILY = "1,2";
			};
			name = Debug;
		};
		BB000028273D537900F999A4 /* Release */ = {
			isa = XCBuildConfiguration;
			buildSettings = {
				ASSETCATALOG_COMPILER_APPICON_NAME = AppIcon;
				ASSETCATALOG_COMPILER_GLOBAL_ACCENT_COLOR_NAME = AccentColor;
				CODE_SIGN_ENTITLEMENTS = FIDO2Sample/FIDO2Sample.entitlements;
				CODE_SIGN_STYLE = Automatic;
				CURRENT_PROJECT_VERSION = 1;
				ENABLE_APP_SANDBOX = YES;
				ENABLE_PREVIEWS = YES;
				GENERATE_INFOPLIST_FILE = YES;
				INFOPLIST_FILE = FIDO2Sample/Info.plist;
				INFOPLIST_KEY_NFCReaderUsageDescription = "This app uses NFC to communicate with your YubiKey for FIDO2 authentication operations.";
				INFOPLIST_KEY_UIApplicationSceneManifest_Generation = YES;
				INFOPLIST_KEY_UIApplicationSupportsIndirectInputEvents = YES;
				INFOPLIST_KEY_UILaunchScreen_Generation = YES;
				INFOPLIST_KEY_UISupportedInterfaceOrientations = UIInterfaceOrientationPortrait;
				INFOPLIST_KEY_UISupportedInterfaceOrientations_iPad = "UIInterfaceOrientationPortrait UIInterfaceOrientationPortraitUpsideDown";
				IPHONEOS_DEPLOYMENT_TARGET = 16.6;
				LD_RUNPATH_SEARCH_PATHS = (
					"$(inherited)",
					"@executable_path/Frameworks",
				);
				MACOSX_DEPLOYMENT_TARGET = 13.0;
				MARKETING_VERSION = 1.0;
				PRODUCT_BUNDLE_IDENTIFIER = com.yubico.ios.FIDO2Sample;
				PRODUCT_NAME = "$(TARGET_NAME)";
				SUPPORTED_PLATFORMS = "iphoneos iphonesimulator macosx";
				SUPPORTS_MACCATALYST = NO;
				SUPPORTS_MAC_DESIGNED_FOR_IPHONE_IPAD = NO;
				SWIFT_EMIT_LOC_STRINGS = YES;
				SWIFT_VERSION = 5.0;
				TARGETED_DEVICE_FAMILY = "1,2";
			};
			name = Release;
		};
/* End XCBuildConfiguration section */

/* Begin XCConfigurationList section */
		BB00001B273D537900F999A4 /* Build configuration list for PBXNativeTarget "FIDO2Sample" */ = {
			isa = XCConfigurationList;
			buildConfigurations = (
				BB000027273D537900F999A4 /* Debug */,
				BB000028273D537900F999A4 /* Release */,
			);
			defaultConfigurationIsVisible = 0;
			defaultConfigurationName = Release;
		};
		BB000024273D537500F999A4 /* Build configuration list for PBXProject "FIDO2Sample" */ = {
			isa = XCConfigurationList;
			buildConfigurations = (
				BB000025273D537900F999A4 /* Debug */,
				BB000026273D537900F999A4 /* Release */,
			);
			defaultConfigurationIsVisible = 0;
			defaultConfigurationName = Release;
		};
/* End XCConfigurationList section */

/* Begin XCRemoteSwiftPackageReference section */
		BB000030273D537800F999A4 /* XCRemoteSwiftPackageReference "yubikit-swift" */ = {
			isa = XCRemoteSwiftPackageReference;
			repositoryURL = "https://github.com/Yubico/yubikit-swift";
			requirement = {
				kind = exactVersion;
				version = 1.1.1;
			};
		};
/* End XCRemoteSwiftPackageReference section */

/* Begin XCSwiftPackageProductDependency section */
		BB000031273D537800F999A4 /* YubiKit */ = {
			isa = XCSwiftPackageProductDependency;
			package = BB000030273D537800F999A4 /* XCRemoteSwiftPackageReference "yubikit-swift" */;
			productName = YubiKit;
		};
/* End XCSwiftPackageProductDependency section */
	};
	rootObject = BB000023273D537500F999A4 /* Project object */;
}
