{
  "pins" : [
    {
      "identity" : "yubikit-swift",
      "kind" : "remoteSourceControl",
      "location" : "https://github.com/Yubico/yubikit-swift/",
      "state" : {
        "branch" : "main",
        "revision" : "050d36228ea38645a8becd3e5c2f7ca2644a7382"
      }
    }
  ],
  "version" : 2
}
